{
    "_readme": [
        "This file locks the dependencies of your project to a known state",
        "Read more about it at https://getcomposer.org/doc/01-basic-usage.md#installing-dependencies",
        "This file is @generated automatically"
    ],
    "content-hash": "648b30645fb0846126f21c09ed5d8b45",
    "packages": [
        {
            "name": "dframe/dframe",
            "version": "v4.2.x-dev",
            "source": {
                "type": "git",
                "url": "https://github.com/dframe/dframe.git",
                "reference": "d4d5d2e5f225b2f81808a30e2f01bb53702b8376"
            },
            "dist": {
                "type": "zip",
                "url": "https://api.github.com/repos/dframe/dframe/zipball/d4d5d2e5f225b2f81808a30e2f01bb53702b8376",
                "reference": "d4d5d2e5f225b2f81808a30e2f01bb53702b8376",
                "shasum": ""
            },
            "require": {
                "ext-json": "*",
                "php": ">=7.4",
                "psr/simple-cache": "^1.0"
            },
            "replace": {
                "dframe/config": "self.version",
                "dframe/cron": "self.version",
                "dframe/loader": "self.version",
                "dframe/router": "self.version",
                "dframe/session": "self.version",
                "dframe/token": "self.version",
                "dframe/view": "self.version"
            },
            "require-dev": {
                "kriswallsmith/assetic": "^1.4",
                "mikey179/vfsstream": "^1.6",
                "natxet/cssmin": "^3.0",
                "patchwork/jsqueeze": "^2.0",
                "phpunit/phpunit": "^9.5",
                "ptachoire/cssembed": "^1.0",
                "smarty/smarty": "^3.1",
                "twig/twig": "^3.1"
            },
            "suggest": {
                "kriswallsmith/assetic": "^1.4",
                "natxet/cssmin": "^3.0",
                "patchwork/jsqueeze": "^2.0",
                "ptachoire/cssembed": "^1.0",
                "smarty/smarty": "^3.1"
            },
            "type": "library",
            "autoload": {
                "files": [
                    "src/Functions.php"
                ],
                "psr-4": {
                    "Dframe\\": "src"
                }
            },
            "notification-url": "https://packagist.org/downloads/",
            "license": [
                "MIT"
            ],
            "authors": [
                {
                    "name": "Sławomir Kaleta",
                    "email": "slaszka@gmail.com"
                }
            ],
            "description": "PHP Framework - Dframe",
            "homepage": "https://dframeframework.com",
            "keywords": [
                "dframe",
                "framework",
                "hmvc",
                "mvc",
                "php"
            ],
            "support": {
                "issues": "https://github.com/dframe/dframe/issues",
                "source": "https://github.com/dframe/dframe/tree/v4.2"
            },
            "time": "2021-03-19T11:33:17+00:00"
        },
        {
            "name": "psr/simple-cache",
            "version": "1.0.1",
            "source": {
                "type": "git",
                "url": "https://github.com/php-fig/simple-cache.git",
                "reference": "408d5eafb83c57f6365a3ca330ff23aa4a5fa39b"
            },
            "dist": {
                "type": "zip",
                "url": "https://api.github.com/repos/php-fig/simple-cache/zipball/408d5eafb83c57f6365a3ca330ff23aa4a5fa39b",
                "reference": "408d5eafb83c57f6365a3ca330ff23aa4a5fa39b",
                "shasum": ""
            },
            "require": {
                "php": ">=5.3.0"
            },
            "type": "library",
            "extra": {
                "branch-alias": {
                    "dev-master": "1.0.x-dev"
                }
            },
            "autoload": {
                "psr-4": {
                    "Psr\\SimpleCache\\": "src/"
                }
            },
            "notification-url": "https://packagist.org/downloads/",
            "license": [
                "MIT"
            ],
            "authors": [
                {
                    "name": "PHP-FIG",
                    "homepage": "http://www.php-fig.org/"
                }
            ],
            "description": "Common interfaces for simple caching",
            "keywords": [
                "cache",
                "caching",
                "psr",
                "psr-16",
                "simple-cache"
            ],
            "support": {
                "source": "https://github.com/php-fig/simple-cache/tree/master"
            },
            "time": "2017-10-23T01:57:42+00:00"
        },
        {
            "name": "pwpf/pwpf",
            "version": "dev-master",
            "source": {
                "type": "git",
                "url": "https://github.com/pwpf/pwpf.git",
                "reference": "2a6e2ad2489e3657dd71dbd41a6964b98dbed259"
            },
            "dist": {
                "type": "zip",
                "url": "https://api.github.com/repos/pwpf/pwpf/zipball/2a6e2ad2489e3657dd71dbd41a6964b98dbed259",
                "reference": "2a6e2ad2489e3657dd71dbd41a6964b98dbed259",
                "shasum": ""
            },
            "require": {
                "dframe/dframe": "^4.2"
            },
            "default-branch": true,
            "type": "library",
            "notification-url": "https://packagist.org/downloads/",
            "license": [
                "MIT"
            ],
            "authors": [
                {
                    "name": "Sławomir Kaleta",
                    "email": "slaszka@gmail.com"
                }
            ],
            "description": "Plugin WordPress Framework",
            "support": {
                "issues": "https://github.com/pwpf/pwpf/issues",
                "source": "https://github.com/pwpf/pwpf/tree/master"
            },
            "time": "2022-10-18T12:15:04+00:00"
        }
    ],
    "packages-dev": [],
    "aliases": [],
    "minimum-stability": "dev",
    "stability-flags": {
        "pwpf/pwpf": 20
    },
    "prefer-stable": true,
    "prefer-lowest": false,
    "platform": [],
    "platform-dev": {
        "php": ">=7.3",
        "ext-json": "*"
    },
    "plugin-api-version": "2.0.0"
}
